// !$*UTF8*$!
{
	archiveVersion = 1;
	classes = {
	};
	objectVersion = 46;
	objects = {

/* Begin PBXBuildFile section */
		EDB45262183B98A200F0A05E /* Foundation.framework in Frameworks */ = {isa = PBXBuildFile; fileRef = EDB45261183B98A200F0A05E /* Foundation.framework */; };
		EDB45264183B98A200F0A05E /* CoreGraphics.framework in Frameworks */ = {isa = PBXBuildFile; fileRef = EDB45263183B98A200F0A05E /* CoreGraphics.framework */; };
		EDB45266183B98A200F0A05E /* UIKit.framework in Frameworks */ = {isa = PBXBuildFile; fileRef = EDB45265183B98A200F0A05E /* UIKit.framework */; };
		EDB4526C183B98A200F0A05E /* InfoPlist.strings in Resources */ = {isa = PBXBuildFile; fileRef = EDB4526A183B98A200F0A05E /* InfoPlist.strings */; };
		EDB4526E183B98A200F0A05E /* main.m in Sources */ = {isa = PBXBuildFile; fileRef = EDB4526D183B98A200F0A05E /* main.m */; };
		EDB45272183B98A200F0A05E /* AppDelegate.m in Sources */ = {isa = PBXBuildFile; fileRef = EDB45271183B98A200F0A05E /* AppDelegate.m */; };
		EDB45274183B98A200F0A05E /* Images.xcassets in Resources */ = {isa = PBXBuildFile; fileRef = EDB45273183B98A200F0A05E /* Images.xcassets */; };
		EDB4527B183B98A200F0A05E /* XCTest.framework in Frameworks */ = {isa = PBXBuildFile; fileRef = EDB4527A183B98A200F0A05E /* XCTest.framework */; };
		EDB4527C183B98A200F0A05E /* Foundation.framework in Frameworks */ = {isa = PBXBuildFile; fileRef = EDB45261183B98A200F0A05E /* Foundation.framework */; };
		EDB4527D183B98A300F0A05E /* UIKit.framework in Frameworks */ = {isa = PBXBuildFile; fileRef = EDB45265183B98A200F0A05E /* UIKit.framework */; };
		EDB45285183B98A300F0A05E /* InfoPlist.strings in Resources */ = {isa = PBXBuildFile; fileRef = EDB45283183B98A300F0A05E /* InfoPlist.strings */; };
		EDB45287183B98A300F0A05E /* cxzcTests.m in Sources */ = {isa = PBXBuildFile; fileRef = EDB45286183B98A300F0A05E /* cxzcTests.m */; };
/* End PBXBuildFile section */

/* Begin PBXContainerItemProxy section */
		EDB4527E183B98A300F0A05E /* PBXContainerItemProxy */ = {
			isa = PBXContainerItemProxy;
			containerPortal = EDB45256183B98A200F0A05E /* Project object */;
			proxyType = 1;
			remoteGlobalIDString = EDB4525D183B98A200F0A05E;
			remoteInfo = cxzc;
		};
/* End PBXContainerItemProxy section */

/* Begin PBXFileReference section */
		EDB4525E183B98A200F0A05E /* cxzc.app */ = {isa = PBXFileReference; explicitFileType = wrapper.application; includeInIndex = 0; path = cxzc.app; sourceTree = BUILT_PRODUCTS_DIR; };
		EDB45261183B98A200F0A05E /* Foundation.framework */ = {isa = PBXFileReference; lastKnownFileType = wrapper.framework; name = Foundation.framework; path = System/Library/Frameworks/Foundation.framework; sourceTree = SDKROOT; };
		EDB45263183B98A200F0A05E /* CoreGraphics.framework */ = {isa = PBXFileReference; lastKnownFileType = wrapper.framework; name = CoreGraphics.framework; path = System/Library/Frameworks/CoreGraphics.framework; sourceTree = SDKROOT; };
		EDB45265183B98A200F0A05E /* UIKit.framework */ = {isa = PBXFileReference; lastKnownFileType = wrapper.framework; name = UIKit.framework; path = System/Library/Frameworks/UIKit.framework; sourceTree = SDKROOT; };
		EDB45269183B98A200F0A05E /* cxzc-Info.plist */ = {isa = PBXFileReference; lastKnownFileType = text.plist.xml; path = "cxzc-Info.plist"; sourceTree = "<group>"; };
		EDB4526B183B98A200F0A05E /* en */ = {isa = PBXFileReference; lastKnownFileType = text.plist.strings; name = en; path = en.lproj/InfoPlist.strings; sourceTree = "<group>"; };
		EDB4526D183B98A200F0A05E /* main.m */ = {isa = PBXFileReference; lastKnownFileType = sourcecode.c.objc; path = main.m; sourceTree = "<group>"; };
		EDB4526F183B98A200F0A05E /* cxzc-Prefix.pch */ = {isa = PBXFileReference; lastKnownFileType = sourcecode.c.h; path = "cxzc-Prefix.pch"; sourceTree = "<group>"; };
		EDB45270183B98A200F0A05E /* AppDelegate.h */ = {isa = PBXFileReference; lastKnownFileType = sourcecode.c.h; path = AppDelegate.h; sourceTree = "<group>"; };
		EDB45271183B98A200F0A05E /* AppDelegate.m */ = {isa = PBXFileReference; lastKnownFileType = sourcecode.c.objc; path = AppDelegate.m; sourceTree = "<group>"; };
		EDB45273183B98A200F0A05E /* Images.xcassets */ = {isa = PBXFileReference; lastKnownFileType = folder.assetcatalog; path = Images.xcassets; sourceTree = "<group>"; };
		EDB45279183B98A200F0A05E /* cxzcTests.xctest */ = {isa = PBXFileReference; explicitFileType = wrapper.cfbundle; includeInIndex = 0; path = cxzcTests.xctest; sourceTree = BUILT_PRODUCTS_DIR; };
		EDB4527A183B98A200F0A05E /* XCTest.framework */ = {isa = PBXFileReference; lastKnownFileType = wrapper.framework; name = XCTest.framework; path = Library/Frameworks/XCTest.framework; sourceTree = DEVELOPER_DIR; };
		EDB45282183B98A300F0A05E /* cxzcTests-Info.plist */ = {isa = PBXFileReference; lastKnownFileType = text.plist.xml; path = "cxzcTests-Info.plist"; sourceTree = "<group>"; };
		EDB45284183B98A300F0A05E /* en */ = {isa = PBXFileReference; lastKnownFileType = text.plist.strings; name = en; path = en.lproj/InfoPlist.strings; sourceTree = "<group>"; };
		EDB45286183B98A300F0A05E /* cxzcTests.m */ = {isa = PBXFileReference; lastKnownFileType = sourcecode.c.objc; path = cxzcTests.m; sourceTree = "<group>"; };
/* End PBXFileReference section */

/* Begin PBXFrameworksBuildPhase section */
		EDB4525B183B98A200F0A05E /* Frameworks */ = {
			isa = PBXFrameworksBuildPhase;
			buildActionMask = 2147483647;
			files = (
				EDB45264183B98A200F0A05E /* CoreGraphics.framework in Frameworks */,
				EDB45266183B98A200F0A05E /* UIKit.framework in Frameworks */,
				EDB45262183B98A200F0A05E /* Foundation.framework in Frameworks */,
			);
			runOnlyForDeploymentPostprocessing = 0;
		};
		EDB45276183B98A200F0A05E /* Frameworks */ = {
			isa = PBXFrameworksBuildPhase;
			buildActionMask = 2147483647;
			files = (
				EDB4527B183B98A200F0A05E /* XCTest.framework in Frameworks */,
				EDB4527D183B98A300F0A05E /* UIKit.framework in Frameworks */,
				EDB4527C183B98A200F0A05E /* Foundation.framework in Frameworks */,
			);
			runOnlyForDeploymentPostprocessing = 0;
		};
/* End PBXFrameworksBuildPhase section */

/* Begin PBXGroup section */
		EDB45255183B98A200F0A05E = {
			isa = PBXGroup;
			children = (
				EDB45267183B98A200F0A05E /* cxzc */,
				EDB45280183B98A300F0A05E /* cxzcTests */,
				EDB45260183B98A200F0A05E /* Frameworks */,
				EDB4525F183B98A200F0A05E /* Products */,
			);
			sourceTree = "<group>";
		};
		EDB4525F183B98A200F0A05E /* Products */ = {
			isa = PBXGroup;
			children = (
				EDB4525E183B98A200F0A05E /* cxzc.app */,
				EDB45279183B98A200F0A05E /* cxzcTests.xctest */,
			);
			name = Products;
			sourceTree = "<group>";
		};
		EDB45260183B98A200F0A05E /* Frameworks */ = {
			isa = PBXGroup;
			children = (
				EDB45261183B98A200F0A05E /* Foundation.framework */,
				EDB45263183B98A200F0A05E /* CoreGraphics.framework */,
				EDB45265183B98A200F0A05E /* UIKit.framework */,
				EDB4527A183B98A200F0A05E /* XCTest.framework */,
			);
			name = Frameworks;
			sourceTree = "<group>";
		};
		EDB45267183B98A200F0A05E /* cxzc */ = {
			isa = PBXGroup;
			children = (
				EDB45270183B98A200F0A05E /* AppDelegate.h */,
				EDB45271183B98A200F0A05E /* AppDelegate.m */,
				EDB45273183B98A200F0A05E /* Images.xcassets */,
				EDB45268183B98A200F0A05E /* Supporting Files */,
			);
			path = cxzc;
			sourceTree = "<group>";
		};
		EDB45268183B98A200F0A05E /* Supporting Files */ = {
			isa = PBXGroup;
			children = (
				EDB45269183B98A200F0A05E /* cxzc-Info.plist */,
				EDB4526A183B98A200F0A05E /* InfoPlist.strings */,
				EDB4526D183B98A200F0A05E /* main.m */,
				EDB4526F183B98A200F0A05E /* cxzc-Prefix.pch */,
			);
			name = "Supporting Files";
			sourceTree = "<group>";
		};
		EDB45280183B98A300F0A05E /* cxzcTests */ = {
			isa = PBXGroup;
			children = (
				EDB45286183B98A300F0A05E /* cxzcTests.m */,
				EDB45281183B98A300F0A05E /* Supporting Files */,
			);
			path = cxzcTests;
			sourceTree = "<group>";
		};
		EDB45281183B98A300F0A05E /* Supporting Files */ = {
			isa = PBXGroup;
			children = (
				EDB45282183B98A300F0A05E /* cxzcTests-Info.plist */,
				EDB45283183B98A300F0A05E /* InfoPlist.strings */,
			);
			name = "Supporting Files";
			sourceTree = "<group>";
		};
/* End PBXGroup section */

/* Begin PBXNativeTarget section */
		EDB4525D183B98A200F0A05E /* cxzc */ = {
			isa = PBXNativeTarget;
			buildConfigurationList = EDB4528A183B98A300F0A05E /* Build configuration list for PBXNativeTarget "cxzc" */;
			buildPhases = (
				EDB4525A183B98A200F0A05E /* Sources */,
				EDB4525B183B98A200F0A05E /* Frameworks */,
				EDB4525C183B98A200F0A05E /* Resources */,
			);
			buildRules = (
			);
			dependencies = (
			);
			name = cxzc;
			productName = cxzc;
			productReference = EDB4525E183B98A200F0A05E /* cxzc.app */;
			productType = "com.apple.product-type.application";
		};
		EDB45278183B98A200F0A05E /* cxzcTests */ = {
			isa = PBXNativeTarget;
			buildConfigurationList = EDB4528D183B98A300F0A05E /* Build configuration list for PBXNativeTarget "cxzcTests" */;
			buildPhases = (
				EDB45275183B98A200F0A05E /* Sources */,
				EDB45276183B98A200F0A05E /* Frameworks */,
				EDB45277183B98A200F0A05E /* Resources */,
			);
			buildRules = (
			);
			dependencies = (
				EDB4527F183B98A300F0A05E /* PBXTargetDependency */,
			);
			name = cxzcTests;
			productName = cxzcTests;
			productReference = EDB45279183B98A200F0A05E /* cxzcTests.xctest */;
			productType = "com.apple.product-type.bundle.unit-test";
		};
/* End PBXNativeTarget section */

/* Begin PBXProject section */
		EDB45256183B98A200F0A05E /* Project object */ = {
			isa = PBXProject;
			attributes = {
				LastUpgradeCheck = 0500;
				ORGANIZATIONNAME = ios19;
				TargetAttributes = {
					EDB45278183B98A200F0A05E = {
						TestTargetID = EDB4525D183B98A200F0A05E;
					};
				};
			};
			buildConfigurationList = EDB45259183B98A200F0A05E /* Build configuration list for PBXProject "cxzc" */;
			compatibilityVersion = "Xcode 3.2";
			developmentRegion = English;
			hasScannedForEncodings = 0;
			knownRegions = (
				en,
			);
			mainGroup = EDB45255183B98A200F0A05E;
			productRefGroup = EDB4525F183B98A200F0A05E /* Products */;
			projectDirPath = "";
			projectRoot = "";
			targets = (
				EDB4525D183B98A200F0A05E /* cxzc */,
				EDB45278183B98A200F0A05E /* cxzcTests */,
			);
		};
/* End PBXProject section */

/* Begin PBXResourcesBuildPhase section */
		EDB4525C183B98A200F0A05E /* Resources */ = {
			isa = PBXResourcesBuildPhase;
			buildActionMask = 2147483647;
			files = (
				EDB4526C183B98A200F0A05E /* InfoPlist.strings in Resources */,
				EDB45274183B98A200F0A05E /* Images.xcassets in Resources */,
			);
			runOnlyForDeploymentPostprocessing = 0;
		};
		EDB45277183B98A200F0A05E /* Resources */ = {
			isa = PBXResourcesBuildPhase;
			buildActionMask = 2147483647;
			files = (
				EDB45285183B98A300F0A05E /* InfoPlist.strings in Resources */,
			);
			runOnlyForDeploymentPostprocessing = 0;
		};
/* End PBXResourcesBuildPhase section */

/* Begin PBXSourcesBuildPhase section */
		EDB4525A183B98A200F0A05E /* Sources */ = {
			isa = PBXSourcesBuildPhase;
			buildActionMask = 2147483647;
			files = (
				EDB45272183B98A200F0A05E /* AppDelegate.m in Sources */,
				EDB4526E183B98A200F0A05E /* main.m in Sources */,
			);
			runOnlyForDeploymentPostprocessing = 0;
		};
		EDB45275183B98A200F0A05E /* Sources */ = {
			isa = PBXSourcesBuildPhase;
			buildActionMask = 2147483647;
			files = (
				EDB45287183B98A300F0A05E /* cxzcTests.m in Sources */,
			);
			runOnlyForDeploymentPostprocessing = 0;
		};
/* End PBXSourcesBuildPhase section */

/* Begin PBXTargetDependency section */
		EDB4527F183B98A300F0A05E /* PBXTargetDependency */ = {
			isa = PBXTargetDependency;
			target = EDB4525D183B98A200F0A05E /* cxzc */;
			targetProxy = EDB4527E183B98A300F0A05E /* PBXContainerItemProxy */;
		};
/* End PBXTargetDependency section */

/* Begin PBXVariantGroup section */
		EDB4526A183B98A200F0A05E /* InfoPlist.strings */ = {
			isa = PBXVariantGroup;
			children = (
				EDB4526B183B98A200F0A05E /* en */,
			);
			name = InfoPlist.strings;
			sourceTree = "<group>";
		};
		EDB45283183B98A300F0A05E /* InfoPlist.strings */ = {
			isa = PBXVariantGroup;
			children = (
				EDB45284183B98A300F0A05E /* en */,
			);
			name = InfoPlist.strings;
			sourceTree = "<group>";
		};
/* End PBXVariantGroup section */

/* Begin XCBuildConfiguration section */
		EDB45288183B98A300F0A05E /* Debug */ = {
			isa = XCBuildConfiguration;
			buildSettings = {
				ALWAYS_SEARCH_USER_PATHS = NO;
				ARCHS = "$(ARCHS_STANDARD_INCLUDING_64_BIT)";
				CLANG_CXX_LANGUAGE_STANDARD = "gnu++0x";
				CLANG_CXX_LIBRARY = "libc++";
				CLANG_ENABLE_MODULES = YES;
				CLANG_ENABLE_OBJC_ARC = YES;
				CLANG_WARN_BOOL_CONVERSION = YES;
				CLANG_WARN_CONSTANT_CONVERSION = YES;
				CLANG_WARN_DIRECT_OBJC_ISA_USAGE = YES_ERROR;
				CLANG_WARN_EMPTY_BODY = YES;
				CLANG_WARN_ENUM_CONVERSION = YES;
				CLANG_WARN_INT_CONVERSION = YES;
				CLANG_WARN_OBJC_ROOT_CLASS = YES_ERROR;
				CLANG_WARN__DUPLICATE_METHOD_MATCH = YES;
				"CODE_SIGN_IDENTITY[sdk=iphoneos*]" = "iPhone Developer";
				COPY_PHASE_STRIP = NO;
				GCC_C_LANGUAGE_STANDARD = gnu99;
				GCC_DYNAMIC_NO_PIC = NO;
				GCC_OPTIMIZATION_LEVEL = 0;
				GCC_PREPROCESSOR_DEFINITIONS = (
					"DEBUG=1",
					"$(inherited)",
				);
				GCC_SYMBOLS_PRIVATE_EXTERN = NO;
				GCC_WARN_64_TO_32_BIT_CONVERSION = YES;
				GCC_WARN_ABOUT_RETURN_TYPE = YES_ERROR;
				GCC_WARN_UNDECLARED_SELECTOR = YES;
				GCC_WARN_UNINITIALIZED_AUTOS = YES;
				GCC_WARN_UNUSED_FUNCTION = YES;
				GCC_WARN_UNUSED_VARIABLE = YES;
				IPHONEOS_DEPLOYMENT_TARGET = 7.0;
				ONLY_ACTIVE_ARCH = YES;
				SDKROOT = iphoneos;
				TARGETED_DEVICE_FAMILY = "1,2";
			};
			name = Debug;
		};
		EDB45289183B98A300F0A05E /* Release */ = {
			isa = XCBuildConfiguration;
			buildSettings = {
				ALWAYS_SEARCH_USER_PATHS = NO;
				ARCHS = "$(ARCHS_STANDARD_INCLUDING_64_BIT)";
				CLANG_CXX_LANGUAGE_STANDARD = "gnu++0x";
				CLANG_CXX_LIBRARY = "libc++";
				CLANG_ENABLE_MODULES = YES;
				CLANG_ENABLE_OBJC_ARC = YES;
				CLANG_WARN_BOOL_CONVERSION = YES;
				CLANG_WARN_CONSTANT_CONVERSION = YES;
				CLANG_WARN_DIRECT_OBJC_ISA_USAGE = YES_ERROR;
				CLANG_WARN_EMPTY_BODY = YES;
				CLANG_WARN_ENUM_CONVERSION = YES;
				CLANG_WARN_INT_CONVERSION = YES;
				CLANG_WARN_OBJC_ROOT_CLASS = YES_ERROR;
				CLANG_WARN__DUPLICATE_METHOD_MATCH = YES;
				"CODE_SIGN_IDENTITY[sdk=iphoneos*]" = "iPhone Developer";
				COPY_PHASE_STRIP = YES;
				ENABLE_NS_ASSERTIONS = NO;
				GCC_C_LANGUAGE_STANDARD = gnu99;
				GCC_WARN_64_TO_32_BIT_CONVERSION = YES;
				GCC_WARN_ABOUT_RETURN_TYPE = YES_ERROR;
				GCC_WARN_UNDECLARED_SELECTOR = YES;
				GCC_WARN_UNINITIALIZED_AUTOS = YES;
				GCC_WARN_UNUSED_FUNCTION = YES;
				GCC_WARN_UNUSED_VARIABLE = YES;
				IPHONEOS_DEPLOYMENT_TARGET = 7.0;
				SDKROOT = iphoneos;
				TARGETED_DEVICE_FAMILY = "1,2";
				VALIDATE_PRODUCT = YES;
			};
			name = Release;
		};
		EDB4528B183B98A300F0A05E /* Debug */ = {
			isa = XCBuildConfiguration;
			buildSettings = {
				ASSETCATALOG_COMPILER_APPICON_NAME = AppIcon;
				ASSETCATALOG_COMPILER_LAUNCHIMAGE_NAME = LaunchImage;
				GCC_PRECOMPILE_PREFIX_HEADER = YES;
				GCC_PREFIX_HEADER = "cxzc/cxzc-Prefix.pch";
				INFOPLIST_FILE = "cxzc/cxzc-Info.plist";
				PRODUCT_NAME = "$(TARGET_NAME)";
				WRAPPER_EXTENSION = app;
			};
			name = Debug;
		};
		EDB4528C183B98A300F0A05E /* Release */ = {
			isa = XCBuildConfiguration;
			buildSettings = {
				ASSETCATALOG_COMPILER_APPICON_NAME = AppIcon;
				ASSETCATALOG_COMPILER_LAUNCHIMAGE_NAME = LaunchImage;
				GCC_PRECOMPILE_PREFIX_HEADER = YES;
				GCC_PREFIX_HEADER = "cxzc/cxzc-Prefix.pch";
				INFOPLIST_FILE = "cxzc/cxzc-Info.plist";
				PRODUCT_NAME = "$(TARGET_NAME)";
				WRAPPER_EXTENSION = app;
			};
			name = Release;
		};
		EDB4528E183B98A300F0A05E /* Debug */ = {
			isa = XCBuildConfiguration;
			buildSettings = {
				ARCHS = "$(ARCHS_STANDARD_INCLUDING_64_BIT)";
				BUNDLE_LOADER = "$(BUILT_PRODUCTS_DIR)/cxzc.app/cxzc";
				FRAMEWORK_SEARCH_PATHS = (
					"$(SDKROOT)/Developer/Library/Frameworks",
					"$(inherited)",
					"$(DEVELOPER_FRAMEWORKS_DIR)",
				);
				GCC_PRECOMPILE_PREFIX_HEADER = YES;
				GCC_PREFIX_HEADER = "cxzc/cxzc-Prefix.pch";
				GCC_PREPROCESSOR_DEFINITIONS = (
					"DEBUG=1",
					"$(inherited)",
				);
				INFOPLIST_FILE = "cxzcTests/cxzcTests-Info.plist";
				PRODUCT_NAME = "$(TARGET_NAME)";
				TEST_HOST = "$(BUNDLE_LOADER)";
				WRAPPER_EXTENSION = xctest;
			};
			name = Debug;
		};
		EDB4528F183B98A300F0A05E /* Release */ = {
			isa = XCBuildConfiguration;
			buildSettings = {
				ARCHS = "$(ARCHS_STANDARD_INCLUDING_64_BIT)";
				BUNDLE_LOADER = "$(BUILT_PRODUCTS_DIR)/cxzc.app/cxzc";
				FRAMEWORK_SEARCH_PATHS = (
					"$(SDKROOT)/Developer/Library/Frameworks",
					"$(inherited)",
					"$(DEVELOPER_FRAMEWORKS_DIR)",
				);
				GCC_PRECOMPILE_PREFIX_HEADER = YES;
				GCC_PREFIX_HEADER = "cxzc/cxzc-Prefix.pch";
				INFOPLIST_FILE = "cxzcTests/cxzcTests-Info.plist";
				PRODUCT_NAME = "$(TARGET_NAME)";
				TEST_HOST = "$(BUNDLE_LOADER)";
				WRAPPER_EXTENSION = xctest;
			};
			name = Release;
		};
/* End XCBuildConfiguration section */

/* Begin XCConfigurationList section */
		EDB45259183B98A200F0A05E /* Build configuration list for PBXProject "cxzc" */ = {
			isa = XCConfigurationList;
			buildConfigurations = (
				EDB45288183B98A300F0A05E /* Debug */,
				EDB45289183B98A300F0A05E /* Release */,
			);
			defaultConfigurationIsVisible = 0;
			defaultConfigurationName = Release;
		};
		EDB4528A183B98A300F0A05E /* Build configuration list for PBXNativeTarget "cxzc" */ = {
			isa = XCConfigurationList;
			buildConfigurations = (
				EDB4528B183B98A300F0A05E /* Debug */,
				EDB4528C183B98A300F0A05E /* Release */,
			);
			defaultConfigurationIsVisible = 0;
		};
		EDB4528D183B98A300F0A05E /* Build configuration list for PBXNativeTarget "cxzcTests" */ = {
			isa = XCConfigurationList;
			buildConfigurations = (
				EDB4528E183B98A300F0A05E /* Debug */,
				EDB4528F183B98A300F0A05E /* Release */,
			);
			defaultConfigurationIsVisible = 0;
		};
/* End XCConfigurationList section */
	};
	rootObject = EDB45256183B98A200F0A05E /* Project object */;
}
